github.com/gorilla/websocket v1.5.0 h1:PPwGk2jz7EePpoHN/+ClbZu8SPxiqlu12wZP/3sWmnc=
github.com/gorilla/websocket v1.5.0/go.mod h1:YR8l580nyteQvAITg2hZ9XVh4b55+EU/adAjf1fMHhE=
github.com/webview/webview v0.0.0-20220603044542-dc41cdcc2961 h1:T+zDKQvVOtbfrJwy8H1yn3ZtWuwbGu07aLih+qwFCsQ=
github.com/webview/webview v0.0.0-20220603044542-dc41cdcc2961/go.mod h1:rpXAuuHgyEJb6kXcXldlkOjU6y4x+YcASKKXJNUhh0Y=
